
Microsoft Visual Studio Solution File, Format Version 12.00
# Visual Studio 15
VisualStudioVersion = 15.0.28307.136
MinimumVisualStudioVersion = 10.0.40219.1
Project("{FAE04EC0-301F-11D3-BF4B-00C04F79EFBC}") = "SharpSSDP", "SharpSSDP\SharpSSDP.csproj", "{6E383DE4-DE89-4247-A41A-79DB1DC03AAA}"
EndProject
Global
	GlobalSection(SolutionConfigurationPlatforms) = preSolution
		Debug|Any CPU = Debug|Any CPU
		Release|Any CPU = Release|Any CPU
	EndGlobalSection
	GlobalSection(ProjectConfigurationPlatforms) = postSolution
		{6E383DE4-DE89-4247-A41A-79DB1DC03AAA}.Debug|Any CPU.ActiveCfg = Debug|Any CPU
		{6E383DE4-DE89-4247-A41A-79DB1DC03AAA}.Debug|Any CPU.Build.0 = Debug|Any CPU
		{6E383DE4-DE89-4247-A41A-79DB1DC03AAA}.Release|Any CPU.ActiveCfg = Release|Any CPU
		{6E383DE4-DE89-4247-A41A-79DB1DC03AAA}.Release|Any CPU.Build.0 = Release|Any CPU
	EndGlobalSection
	GlobalSection(SolutionProperties) = preSolution
		HideSolutionNode = FALSE
	EndGlobalSection
	GlobalSection(ExtensibilityGlobals) = postSolution
		SolutionGuid = {B8DDB813-035C-4EF5-9566-949331E3CBA6}
	EndGlobalSection
EndGlobal
